
Microsoft Visual Studio Solution File, Format Version 12.00
# Visual Studio Version 17
VisualStudioVersion = 17.9.34518.117
MinimumVisualStudioVersion = 10.0.40219.1
Project("{9A19103F-16F7-4668-BE54-9A1E7A4F7556}") = "Application", "FOAD\src\Application\Application.csproj", "{353A1E5B-9DF0-4B48-A209-CEF1C02AEA1D}"
EndProject
Project("{9A19103F-16F7-4668-BE54-9A1E7A4F7556}") = "Domain", "FOAD\src\Domain\Domain.csproj", "{08F9D1D0-01F1-484A-A0A0-8C230C2E7108}"
EndProject
Project("{9A19103F-16F7-4668-BE54-9A1E7A4F7556}") = "Infrastructure", "FOAD\src\Infrastructure\Infrastructure.csproj", "{939705A3-C357-4DE6-AB3B-0058326D5EDD}"
EndProject
Project("{9A19103F-16F7-4668-BE54-9A1E7A4F7556}") = "Web", "FOAD\src\Web\Web.csproj", "{976B37D2-AB1F-41EC-A373-14B996D1568B}"
EndProject
Project("{9A19103F-16F7-4668-BE54-9A1E7A4F7556}") = "Application.FunctionalTests", "FOAD\tests\Application.FunctionalTests\Application.FunctionalTests.csproj", "{AFD9453D-E5B2-4538-ABD2-4E8514064F31}"
EndProject
Project("{9A19103F-16F7-4668-BE54-9A1E7A4F7556}") = "Application.UnitTests", "FOAD\tests\Application.UnitTests\Application.UnitTests.csproj", "{585F59CF-16B0-4494-900F-9A8E6C50D9A2}"
EndProject
Project("{9A19103F-16F7-4668-BE54-9A1E7A4F7556}") = "Domain.UnitTests", "FOAD\tests\Domain.UnitTests\Domain.UnitTests.csproj", "{D2A5AD82-A9E8-44E2-8476-FF2697536FD6}"
EndProject
Project("{9A19103F-16F7-4668-BE54-9A1E7A4F7556}") = "Infrastructure.IntegrationTests", "FOAD\tests\Infrastructure.IntegrationTests\Infrastructure.IntegrationTests.csproj", "{2DC67ED5-EAF3-4746-86F8-10A5DD4852CF}"
EndProject
Project("{9A19103F-16F7-4668-BE54-9A1E7A4F7556}") = "Web.AcceptanceTests", "FOAD\tests\Web.AcceptanceTests\Web.AcceptanceTests.csproj", "{CDEE3D58-83D5-4CE3-88F8-8120561D1BF2}"
EndProject
Project("{2150E333-8FDC-42A3-9474-1A3956D46DE8}") = "Main", "Main", "{DC2CDCAE-55E0-412B-9E4D-1D91ED010CB1}"
EndProject
Project("{2150E333-8FDC-42A3-9474-1A3956D46DE8}") = "Test", "Test", "{51DA912B-BA9B-4799-A9C9-77BDF7BA821E}"
EndProject
Project("{FAE04EC0-301F-11D3-BF4B-00C04F79EFBC}") = "EventBus", "FOAD\src\EventBus\EventBus.csproj", "{A77D6CFB-3AA8-4971-9455-DA52E0135769}"
EndProject
Global
	GlobalSection(SolutionConfigurationPlatforms) = preSolution
		Debug|Any CPU = Debug|Any CPU
		Release|Any CPU = Release|Any CPU
	EndGlobalSection
	GlobalSection(ProjectConfigurationPlatforms) = postSolution
		{353A1E5B-9DF0-4B48-A209-CEF1C02AEA1D}.Debug|Any CPU.ActiveCfg = Debug|Any CPU
		{353A1E5B-9DF0-4B48-A209-CEF1C02AEA1D}.Debug|Any CPU.Build.0 = Debug|Any CPU
		{353A1E5B-9DF0-4B48-A209-CEF1C02AEA1D}.Release|Any CPU.ActiveCfg = Release|Any CPU
		{353A1E5B-9DF0-4B48-A209-CEF1C02AEA1D}.Release|Any CPU.Build.0 = Release|Any CPU
		{08F9D1D0-01F1-484A-A0A0-8C230C2E7108}.Debug|Any CPU.ActiveCfg = Debug|Any CPU
		{08F9D1D0-01F1-484A-A0A0-8C230C2E7108}.Debug|Any CPU.Build.0 = Debug|Any CPU
		{08F9D1D0-01F1-484A-A0A0-8C230C2E7108}.Release|Any CPU.ActiveCfg = Release|Any CPU
		{08F9D1D0-01F1-484A-A0A0-8C230C2E7108}.Release|Any CPU.Build.0 = Release|Any CPU
		{939705A3-C357-4DE6-AB3B-0058326D5EDD}.Debug|Any CPU.ActiveCfg = Debug|Any CPU
		{939705A3-C357-4DE6-AB3B-0058326D5EDD}.Debug|Any CPU.Build.0 = Debug|Any CPU
		{939705A3-C357-4DE6-AB3B-0058326D5EDD}.Release|Any CPU.ActiveCfg = Release|Any CPU
		{939705A3-C357-4DE6-AB3B-0058326D5EDD}.Release|Any CPU.Build.0 = Release|Any CPU
		{976B37D2-AB1F-41EC-A373-14B996D1568B}.Debug|Any CPU.ActiveCfg = Debug|Any CPU
		{976B37D2-AB1F-41EC-A373-14B996D1568B}.Debug|Any CPU.Build.0 = Debug|Any CPU
		{976B37D2-AB1F-41EC-A373-14B996D1568B}.Release|Any CPU.ActiveCfg = Release|Any CPU
		{976B37D2-AB1F-41EC-A373-14B996D1568B}.Release|Any CPU.Build.0 = Release|Any CPU
		{AFD9453D-E5B2-4538-ABD2-4E8514064F31}.Debug|Any CPU.ActiveCfg = Debug|Any CPU
		{AFD9453D-E5B2-4538-ABD2-4E8514064F31}.Debug|Any CPU.Build.0 = Debug|Any CPU
		{AFD9453D-E5B2-4538-ABD2-4E8514064F31}.Release|Any CPU.ActiveCfg = Release|Any CPU
		{AFD9453D-E5B2-4538-ABD2-4E8514064F31}.Release|Any CPU.Build.0 = Release|Any CPU
		{585F59CF-16B0-4494-900F-9A8E6C50D9A2}.Debug|Any CPU.ActiveCfg = Debug|Any CPU
		{585F59CF-16B0-4494-900F-9A8E6C50D9A2}.Debug|Any CPU.Build.0 = Debug|Any CPU
		{585F59CF-16B0-4494-900F-9A8E6C50D9A2}.Release|Any CPU.ActiveCfg = Release|Any CPU
		{585F59CF-16B0-4494-900F-9A8E6C50D9A2}.Release|Any CPU.Build.0 = Release|Any CPU
		{D2A5AD82-A9E8-44E2-8476-FF2697536FD6}.Debug|Any CPU.ActiveCfg = Debug|Any CPU
		{D2A5AD82-A9E8-44E2-8476-FF2697536FD6}.Debug|Any CPU.Build.0 = Debug|Any CPU
		{D2A5AD82-A9E8-44E2-8476-FF2697536FD6}.Release|Any CPU.ActiveCfg = Release|Any CPU
		{D2A5AD82-A9E8-44E2-8476-FF2697536FD6}.Release|Any CPU.Build.0 = Release|Any CPU
		{2DC67ED5-EAF3-4746-86F8-10A5DD4852CF}.Debug|Any CPU.ActiveCfg = Debug|Any CPU
		{2DC67ED5-EAF3-4746-86F8-10A5DD4852CF}.Debug|Any CPU.Build.0 = Debug|Any CPU
		{2DC67ED5-EAF3-4746-86F8-10A5DD4852CF}.Release|Any CPU.ActiveCfg = Release|Any CPU
		{2DC67ED5-EAF3-4746-86F8-10A5DD4852CF}.Release|Any CPU.Build.0 = Release|Any CPU
		{CDEE3D58-83D5-4CE3-88F8-8120561D1BF2}.Debug|Any CPU.ActiveCfg = Debug|Any CPU
		{CDEE3D58-83D5-4CE3-88F8-8120561D1BF2}.Debug|Any CPU.Build.0 = Debug|Any CPU
		{CDEE3D58-83D5-4CE3-88F8-8120561D1BF2}.Release|Any CPU.ActiveCfg = Release|Any CPU
		{CDEE3D58-83D5-4CE3-88F8-8120561D1BF2}.Release|Any CPU.Build.0 = Release|Any CPU
		{A77D6CFB-3AA8-4971-9455-DA52E0135769}.Debug|Any CPU.ActiveCfg = Debug|Any CPU
		{A77D6CFB-3AA8-4971-9455-DA52E0135769}.Debug|Any CPU.Build.0 = Debug|Any CPU
		{A77D6CFB-3AA8-4971-9455-DA52E0135769}.Release|Any CPU.ActiveCfg = Release|Any CPU
		{A77D6CFB-3AA8-4971-9455-DA52E0135769}.Release|Any CPU.Build.0 = Release|Any CPU
	EndGlobalSection
	GlobalSection(SolutionProperties) = preSolution
		HideSolutionNode = FALSE
	EndGlobalSection
	GlobalSection(NestedProjects) = preSolution
		{353A1E5B-9DF0-4B48-A209-CEF1C02AEA1D} = {DC2CDCAE-55E0-412B-9E4D-1D91ED010CB1}
		{08F9D1D0-01F1-484A-A0A0-8C230C2E7108} = {DC2CDCAE-55E0-412B-9E4D-1D91ED010CB1}
		{939705A3-C357-4DE6-AB3B-0058326D5EDD} = {DC2CDCAE-55E0-412B-9E4D-1D91ED010CB1}
		{976B37D2-AB1F-41EC-A373-14B996D1568B} = {DC2CDCAE-55E0-412B-9E4D-1D91ED010CB1}
		{AFD9453D-E5B2-4538-ABD2-4E8514064F31} = {51DA912B-BA9B-4799-A9C9-77BDF7BA821E}
		{585F59CF-16B0-4494-900F-9A8E6C50D9A2} = {51DA912B-BA9B-4799-A9C9-77BDF7BA821E}
		{D2A5AD82-A9E8-44E2-8476-FF2697536FD6} = {51DA912B-BA9B-4799-A9C9-77BDF7BA821E}
		{2DC67ED5-EAF3-4746-86F8-10A5DD4852CF} = {51DA912B-BA9B-4799-A9C9-77BDF7BA821E}
		{CDEE3D58-83D5-4CE3-88F8-8120561D1BF2} = {51DA912B-BA9B-4799-A9C9-77BDF7BA821E}
		{A77D6CFB-3AA8-4971-9455-DA52E0135769} = {DC2CDCAE-55E0-412B-9E4D-1D91ED010CB1}
	EndGlobalSection
	GlobalSection(ExtensibilityGlobals) = postSolution
		SolutionGuid = {AEF84EDE-D9DB-4B4B-897B-02DEB4D9BF8E}
	EndGlobalSection
EndGlobal
